# Generated by pub
# See https://dart.dev/tools/pub/glossary#lockfile
packages:
  app_tracking_transparency:
    dependency: transitive
    description:
      name: app_tracking_transparency
      sha256: "1f71f4d8402552fbf8b191d4edab301f233c1af794878b7bc56c708470ffd74c"
      url: "https://pub.dev"
    source: hosted
    version: "2.0.6+1"
  async:
    dependency: transitive
    description:
      name: async
      sha256: "758e6d74e971c3e5aceb4110bfd6698efc7f501675bcfe0c775459a8140750eb"
      url: "https://pub.dev"
    source: hosted
    version: "2.13.0"
  boolean_selector:
    dependency: transitive
    description:
      name: boolean_selector
      sha256: "8aab1771e1243a5063b8b0ff68042d67334e3feab9e95b9490f9a6ebf73b42ea"
      url: "https://pub.dev"
    source: hosted
    version: "2.1.2"
  characters:
    dependency: transitive
    description:
      name: characters
      sha256: f71061c654a3380576a52b451dd5532377954cf9dbd272a78fc8479606670803
      url: "https://pub.dev"
    source: hosted
    version: "1.4.0"
  clock:
    dependency: transitive
    description:
      name: clock
      sha256: fddb70d9b5277016c77a80201021d40a2247104d9f4aa7bab7157b7e3f05b84b
      url: "https://pub.dev"
    source: hosted
    version: "1.1.2"
  collection:
    dependency: transitive
    description:
      name: collection
      sha256: "2f5709ae4d3d59dd8f7cd309b4e023046b57d8a6c82130785d2b0e5868084e76"
      url: "https://pub.dev"
    source: hosted
    version: "1.19.1"
  fake_async:
    dependency: transitive
    description:
      name: fake_async
      sha256: "5368f224a74523e8d2e7399ea1638b37aecfca824a3cc4dfdf77bf1fa905ac44"
      url: "https://pub.dev"
    source: hosted
    version: "1.3.3"
  flutter:
    dependency: "direct main"
    description: flutter
    source: sdk
    version: "0.0.0"
  flutter_lints:
    dependency: "direct dev"
    description:
      name: flutter_lints
      sha256: "5398f14efa795ffb7a33e9b6a08798b26a180edac4ad7db3f231e40f82ce11e1"
      url: "https://pub.dev"
    source: hosted
    version: "5.0.0"
  flutter_test:
    dependency: "direct dev"
    description: flutter
    source: sdk
    version: "0.0.0"
  gma_all_mediations:
    dependency: "direct main"
    description:
      path: ".."
      relative: true
    source: path
    version: "0.0.1"
  gma_mediation_applovin:
    dependency: transitive
    description:
      name: gma_mediation_applovin
      sha256: "99b79dcdaeaffba7bf14a9fddd9bf1e2a0e1c80810ebd0600a6d75b54deb9202"
      url: "https://pub.dev"
    source: hosted
    version: "2.5.2"
  gma_mediation_chartboost:
    dependency: transitive
    description:
      name: gma_mediation_chartboost
      sha256: baa0964d7e3755fd7720ccac3a11daeada9a3f5e98afe0d2a3193319cb9c929f
      url: "https://pub.dev"
    source: hosted
    version: "1.4.1"
  gma_mediation_dtexchange:
    dependency: transitive
    description:
      name: gma_mediation_dtexchange
      sha256: "2b2c6c2cabf5db1b692188bcb95e0ea594ae77e619384a21e87037e5fbd91962"
      url: "https://pub.dev"
    source: hosted
    version: "1.3.3"
  gma_mediation_inmobi:
    dependency: transitive
    description:
      name: gma_mediation_inmobi
      sha256: "70497727df6eebd9c7bd3f1166cc1ae0f0983b4936efb4066b16e9eb42523d74"
      url: "https://pub.dev"
    source: hosted
    version: "2.0.1"
  gma_mediation_ironsource:
    dependency: transitive
    description:
      name: gma_mediation_ironsource
      sha256: "44a6c0a6e40d107f0f29406793e77514bf0f76456c287853921b67f8f7345da7"
      url: "https://pub.dev"
    source: hosted
    version: "2.3.0"
  gma_mediation_liftoffmonetize:
    dependency: transitive
    description:
      name: gma_mediation_liftoffmonetize
      sha256: "66ed3029e3d9bc5e86f03668e2f71ba4287f8f44a0d86240adc8d95bb991912a"
      url: "https://pub.dev"
    source: hosted
    version: "1.4.3"
  gma_mediation_meta:
    dependency: transitive
    description:
      name: gma_mediation_meta
      sha256: d5a7c7c5e6730694739833a70b0cf9746432a1492086cb9892d65be7fa8f797e
      url: "https://pub.dev"
    source: hosted
    version: "1.5.1"
  gma_mediation_mintegral:
    dependency: transitive
    description:
      name: gma_mediation_mintegral
      sha256: a7ea37a5b72c9639c83acbf2bd0ad8b551e8dfda811a74def3f6a0fb7742d194
      url: "https://pub.dev"
    source: hosted
    version: "2.0.3"
  gma_mediation_moloco:
    dependency: transitive
    description:
      name: gma_mediation_moloco
      sha256: e8002e51e0396282936e2cdaf3197a750deb65b70b268f1c0641efcd91e79658
      url: "https://pub.dev"
    source: hosted
    version: "3.3.0"
  gma_mediation_mytarget:
    dependency: transitive
    description:
      name: gma_mediation_mytarget
      sha256: "22370699d857f92fdd88b68e77cafa9987dc536f70063734fcb388470c5f9c5d"
      url: "https://pub.dev"
    source: hosted
    version: "1.8.0"
  gma_mediation_pangle:
    dependency: transitive
    description:
      name: gma_mediation_pangle
      sha256: "1454d1dff61fffb21499d3c1c9403a2de3822c7da4dca9a9db7f6aed1bf740cf"
      url: "https://pub.dev"
    source: hosted
    version: "3.5.3"
  gma_mediation_pubmatic:
    dependency: transitive
    description:
      name: gma_mediation_pubmatic
      sha256: "99dc3979bc56a4da06100a4372bd3fdee63373f2fb43f3a22d15dd0eea1855cb"
      url: "https://pub.dev"
    source: hosted
    version: "1.5.0"
  gma_mediation_unity:
    dependency: transitive
    description:
      name: gma_mediation_unity
      sha256: "8a7d88a0b4ae1e05926607664ba2062974e5f616a4de002cc22828518c8bd816"
      url: "https://pub.dev"
    source: hosted
    version: "1.6.5"
  google_mobile_ads:
    dependency: "direct main"
    description:
      name: google_mobile_ads
      sha256: f35e040875bb54e8a3455bcffed3b4ac9e9263fbf7751b9fd1ae7f30793faee8
      url: "https://pub.dev"
    source: hosted
    version: "7.0.0"
  leak_tracker:
    dependency: transitive
    description:
      name: leak_tracker
      sha256: "33e2e26bdd85a0112ec15400c8cbffea70d0f9c3407491f672a2fad47915e2de"
      url: "https://pub.dev"
    source: hosted
    version: "11.0.2"
  leak_tracker_flutter_testing:
    dependency: transitive
    description:
      name: leak_tracker_flutter_testing
      sha256: "1dbc140bb5a23c75ea9c4811222756104fbcd1a27173f0c34ca01e16bea473c1"
      url: "https://pub.dev"
    source: hosted
    version: "3.0.10"
  leak_tracker_testing:
    dependency: transitive
    description:
      name: leak_tracker_testing
      sha256: "8d5a2d49f4a66b49744b23b018848400d23e54caf9463f4eb20df3eb8acb2eb1"
      url: "https://pub.dev"
    source: hosted
    version: "3.0.2"
  lints:
    dependency: transitive
    description:
      name: lints
      sha256: c35bb79562d980e9a453fc715854e1ed39e24e7d0297a880ef54e17f9874a9d7
      url: "https://pub.dev"
    source: hosted
    version: "5.1.1"
  matcher:
    dependency: transitive
    description:
      name: matcher
      sha256: dc58c723c3c24bf8d3e2d3ad3f2f9d7bd9cf43ec6feaa64181775e60190153f2
      url: "https://pub.dev"
    source: hosted
    version: "0.12.17"
  material_color_utilities:
    dependency: transitive
    description:
      name: material_color_utilities
      sha256: f7142bb1154231d7ea5f96bc7bde4bda2a0945d2806bb11670e30b850d56bdec
      url: "https://pub.dev"
    source: hosted
    version: "0.11.1"
  meta:
    dependency: transitive
    description:
      name: meta
      sha256: e3641ec5d63ebf0d9b41bd43201a66e3fc79a65db5f61fc181f04cd27aab950c
      url: "https://pub.dev"
    source: hosted
    version: "1.16.0"
  path:
    dependency: transitive
    description:
      name: path
      sha256: "75cca69d1490965be98c73ceaea117e8a04dd21217b37b292c9ddbec0d955bc5"
      url: "https://pub.dev"
    source: hosted
    version: "1.9.1"
  plugin_platform_interface:
    dependency: transitive
    description:
      name: plugin_platform_interface
      sha256: "4820fbfdb9478b1ebae27888254d445073732dae3d6ea81f0b7e06d5dedc3f02"
      url: "https://pub.dev"
    source: hosted
    version: "2.1.8"
  sky_engine:
    dependency: transitive
    description: flutter
    source: sdk
    version: "0.0.0"
  source_span:
    dependency: transitive
    description:
      name: source_span
      sha256: "56a02f1f4cd1a2d96303c0144c93bd6d909eea6bee6bf5a0e0b685edbd4c47ab"
      url: "https://pub.dev"
    source: hosted
    version: "1.10.2"
  stack_trace:
    dependency: transitive
    description:
      name: stack_trace
      sha256: "8b27215b45d22309b5cddda1aa2b19bdfec9df0e765f2de506401c071d38d1b1"
      url: "https://pub.dev"
    source: hosted
    version: "1.12.1"
  stream_channel:
    dependency: transitive
    description:
      name: stream_channel
      sha256: "969e04c80b8bcdf826f8f16579c7b14d780458bd97f56d107d3950fdbeef059d"
      url: "https://pub.dev"
    source: hosted
    version: "2.1.4"
  string_scanner:
    dependency: transitive
    description:
      name: string_scanner
      sha256: "921cd31725b72fe181906c6a94d987c78e3b98c2e205b397ea399d4054872b43"
      url: "https://pub.dev"
    source: hosted
    version: "1.4.1"
  term_glyph:
    dependency: transitive
    description:
      name: term_glyph
      sha256: "7f554798625ea768a7518313e58f83891c7f5024f88e46e7182a4558850a4b8e"
      url: "https://pub.dev"
    source: hosted
    version: "1.2.2"
  test_api:
    dependency: transitive
    description:
      name: test_api
      sha256: "522f00f556e73044315fa4585ec3270f1808a4b186c936e612cab0b565ff1e00"
      url: "https://pub.dev"
    source: hosted
    version: "0.7.6"
  vector_math:
    dependency: transitive
    description:
      name: vector_math
      sha256: d530bd74fea330e6e364cda7a85019c434070188383e1cd8d9777ee586914c5b
      url: "https://pub.dev"
    source: hosted
    version: "2.2.0"
  vm_service:
    dependency: transitive
    description:
      name: vm_service
      sha256: "45caa6c5917fa127b5dbcfbd1fa60b14e583afdc08bfc96dda38886ca252eb60"
      url: "https://pub.dev"
    source: hosted
    version: "15.0.2"
  webview_flutter:
    dependency: transitive
    description:
      name: webview_flutter
      sha256: a3da219916aba44947d3a5478b1927876a09781174b5a2b67fa5be0555154bf9
      url: "https://pub.dev"
    source: hosted
    version: "4.13.1"
  webview_flutter_android:
    dependency: transitive
    description:
      name: webview_flutter_android
      sha256: "0f7fcd2c86bf36bdcf94881f7941ce0cbc4f8d104b9fdcd5fcbef90e2199db76"
      url: "https://pub.dev"
    source: hosted
    version: "4.10.15"
  webview_flutter_platform_interface:
    dependency: transitive
    description:
      name: webview_flutter_platform_interface
      sha256: "1221c1b12f5278791042f2ec2841743784cf25c5a644e23d6680e5d718824f04"
      url: "https://pub.dev"
    source: hosted
    version: "2.15.1"
  webview_flutter_wkwebview:
    dependency: transitive
    description:
      name: webview_flutter_wkwebview
      sha256: d7219cfabc6f5fc2032e0fa980ec36d71f308a35a823395af1abc34d9a2ede83
      url: "https://pub.dev"
    source: hosted
    version: "3.24.2"
sdks:
  dart: ">=3.9.2 <4.0.0"
  flutter: ">=3.35.1"
